// !$*UTF8*$!
{
	archiveVersion = 1;
	classes = {
	};
	objectVersion = 90;
	objects = {

/* Begin PBXBuildFile section */
		F313BE1D2C871E13005C8B60 /* Examples.zip in Resources */ = {isa = PBXBuildFile; fileRef = F313BE1C2C871E13005C8B60 /* Examples.zip */; };
		F31EF9472D103896000F95A7 /* Package Dep Card.swift in Sources */ = {isa = PBXBuildFile; fileRef = F31EF9462D103896000F95A7 /* Package Dep Card.swift */; };
		F31EF9492D1038CE000F95A7 /* Package Dep Details.swift in Sources */ = {isa = PBXBuildFile; fileRef = F31EF9482D1038CE000F95A7 /* Package Dep Details.swift */; };
		F323EC942D315E3A00973FA0 /* Value Store.swift in Sources */ = {isa = PBXBuildFile; fileRef = F323EC932D315E3A00973FA0 /* Value Store.swift */; };
		F323EC962D31E39A00973FA0 /* Open Buttons.swift in Sources */ = {isa = PBXBuildFile; fileRef = F323EC952D31E39A00973FA0 /* Open Buttons.swift */; };
		F329E1812D3683E4007BA9D1 /* Proj Details Gitignore.swift in Sources */ = {isa = PBXBuildFile; fileRef = F329E1802D3683E4007BA9D1 /* Proj Details Gitignore.swift */; };
		F32A1E022D2FB7B6008AEB2F /* Localizable.xcstrings in Resources */ = {isa = PBXBuildFile; fileRef = F32A1E012D2FB7B6008AEB2F /* Localizable.xcstrings */; };
		F32A1E032D2FB7BD008AEB2F /* Localizable.xcstrings in Resources */ = {isa = PBXBuildFile; fileRef = F32A1E012D2FB7B6008AEB2F /* Localizable.xcstrings */; };
		F32A1E052D30FD1C008AEB2F /* Bottom Bar.swift in Sources */ = {isa = PBXBuildFile; fileRef = F32A1E042D30FD1C008AEB2F /* Bottom Bar.swift */; };
		F33081762C9057F700605E43 /* WidgetKit.framework in Frameworks */ = {isa = PBXBuildFile; fileRef = F33081752C9057F700605E43 /* WidgetKit.framework */; };
		F33081782C9057F700605E43 /* SwiftUI.framework in Frameworks */ = {isa = PBXBuildFile; fileRef = F33081772C9057F700605E43 /* SwiftUI.framework */; };
		F330817B2C9057F700605E43 /* XProj Widgets Bundle.swift in Sources */ = {isa = PBXBuildFile; fileRef = F330817A2C9057F700605E43 /* XProj Widgets Bundle.swift */; };
		F330817D2C9057F700605E43 /* XProj Widgets Control.swift in Sources */ = {isa = PBXBuildFile; fileRef = F330817C2C9057F700605E43 /* XProj Widgets Control.swift */; };
		F330817F2C9057F700605E43 /* XProj Widgets.swift in Sources */ = {isa = PBXBuildFile; fileRef = F330817E2C9057F700605E43 /* XProj Widgets.swift */; };
		F33081812C9057F700605E43 /* App Intent.swift in Sources */ = {isa = PBXBuildFile; fileRef = F33081802C9057F700605E43 /* App Intent.swift */; };
		F33081832C9057F700605E43 /* Assets.xcassets in Resources */ = {isa = PBXBuildFile; fileRef = F33081822C9057F700605E43 /* Assets.xcassets */; };
		F3341E2D2BDE358900E85F27 /* XProj App.swift in Sources */ = {isa = PBXBuildFile; fileRef = F3341E2C2BDE358900E85F27 /* XProj App.swift */; };
		F3341E312BDE358A00E85F27 /* Assets.xcassets in Resources */ = {isa = PBXBuildFile; fileRef = F3341E302BDE358A00E85F27 /* Assets.xcassets */; };
		F3341E3F2BDEAB4D00E85F27 /* ScrechKit in Frameworks */ = {isa = PBXBuildFile; productRef = F3341E3E2BDEAB4D00E85F27 /* ScrechKit */; };
		F3515C212D366DA70078E588 /* Proj Card Platforms.swift in Sources */ = {isa = PBXBuildFile; fileRef = F3515C202D366DA70078E588 /* Proj Card Platforms.swift */; };
		F3522DC62C2A29C000660101 /* Derived Data List.swift in Sources */ = {isa = PBXBuildFile; fileRef = F3522DC52C2A29C000660101 /* Derived Data List.swift */; };
		F3522DCB2C2A2A5600660101 /* Derived Data VM.swift in Sources */ = {isa = PBXBuildFile; fileRef = F3522DCA2C2A2A5600660101 /* Derived Data VM.swift */; };
		F3522DCD2C2AA32C00660101 /* File Manager.swift in Sources */ = {isa = PBXBuildFile; fileRef = F3522DCC2C2AA32C00660101 /* File Manager.swift */; };
		F3522DCF2C2AA51800660101 /* Derived Data Entry.swift in Sources */ = {isa = PBXBuildFile; fileRef = F3522DCE2C2AA51800660101 /* Derived Data Entry.swift */; };
		F358F02B2D2C19A200BCC07B /* LaunchAtLogin in Frameworks */ = {isa = PBXBuildFile; productRef = F358F02A2D2C19A200BCC07B /* LaunchAtLogin */; };
		F371A5192C2D84BA006BDF0D /* Proj Card VM.swift in Sources */ = {isa = PBXBuildFile; fileRef = F371A5182C2D84BA006BDF0D /* Proj Card VM.swift */; };
		F371A51B2C2D8D58006BDF0D /* MB Proj List.swift in Sources */ = {isa = PBXBuildFile; fileRef = F371A51A2C2D8D58006BDF0D /* MB Proj List.swift */; };
		F371A51D2C2D8D94006BDF0D /* MB Proj Card.swift in Sources */ = {isa = PBXBuildFile; fileRef = F371A51C2C2D8D94006BDF0D /* MB Proj Card.swift */; };
		F371A5252C2D97AB006BDF0D /* XProj Tests.swift in Sources */ = {isa = PBXBuildFile; fileRef = F371A5242C2D97AB006BDF0D /* XProj Tests.swift */; };
		F37831B02D109282007F7858 /* Targets.swift in Sources */ = {isa = PBXBuildFile; fileRef = F37831AF2D109282007F7858 /* Targets.swift */; };
		F37831B72D1095EC007F7858 /* XcodeProjKit in Frameworks */ = {isa = PBXBuildFile; productRef = F37831B62D1095EC007F7858 /* XcodeProjKit */; };
		F37831B92D10A19E007F7858 /* Fetch project file path.swift in Sources */ = {isa = PBXBuildFile; fileRef = F37831B82D10A19E007F7858 /* Fetch project file path.swift */; };
		F37831BB2D10CE9A007F7858 /* Formatters.swift in Sources */ = {isa = PBXBuildFile; fileRef = F37831BA2D10CE9A007F7858 /* Formatters.swift */; };
		F37831BF2D10D8DE007F7858 /* Packages in Package.swift in Sources */ = {isa = PBXBuildFile; fileRef = F37831BE2D10D8DE007F7858 /* Packages in Package.swift */; };
		F37831C12D10E1CF007F7858 /* App Store App.swift in Sources */ = {isa = PBXBuildFile; fileRef = F37831C02D10E1CF007F7858 /* App Store App.swift */; };
		F37831C52D11A4F4007F7858 /* Proj Details Target.swift in Sources */ = {isa = PBXBuildFile; fileRef = F37831C42D11A4F4007F7858 /* Proj Details Target.swift */; };
		F37831C72D11A590007F7858 /* Proj Details Dependency.swift in Sources */ = {isa = PBXBuildFile; fileRef = F37831C62D11A590007F7858 /* Proj Details Dependency.swift */; };
		F37831C92D11A69B007F7858 /* Proj Details Dates.swift in Sources */ = {isa = PBXBuildFile; fileRef = F37831C82D11A69B007F7858 /* Proj Details Dates.swift */; };
		F37831CC2D11AF86007F7858 /* icon.swift in Sources */ = {isa = PBXBuildFile; fileRef = F37831CB2D11AF86007F7858 /* icon.swift */; };
		F37831CF2D11D11B007F7858 /* Proj Details Image.swift in Sources */ = {isa = PBXBuildFile; fileRef = F37831CE2D11D11B007F7858 /* Proj Details Image.swift */; };
		F37831D12D11D177007F7858 /* Proj Details Actions.swift in Sources */ = {isa = PBXBuildFile; fileRef = F37831D02D11D177007F7858 /* Proj Details Actions.swift */; };
		F37831D32D11D221007F7858 /* Proj Details Targets.swift in Sources */ = {isa = PBXBuildFile; fileRef = F37831D22D11D221007F7858 /* Proj Details Targets.swift */; };
		F37831D52D11D292007F7858 /* Proj Details Dependency List.swift in Sources */ = {isa = PBXBuildFile; fileRef = F37831D42D11D292007F7858 /* Proj Details Dependency List.swift */; };
		F37831D82D12DF0E007F7858 /* Open folder picker.swift in Sources */ = {isa = PBXBuildFile; fileRef = F37831D72D12DF0E007F7858 /* Open folder picker.swift */; };
		F37831DB2D12E0E6007F7858 /* Save bookmark.swift in Sources */ = {isa = PBXBuildFile; fileRef = F37831DA2D12E0E6007F7858 /* Save bookmark.swift */; };
		F37831DD2D12E57D007F7858 /* Restore access to folder.swift in Sources */ = {isa = PBXBuildFile; fileRef = F37831DC2D12E57D007F7858 /* Restore access to folder.swift */; };
		F37831DF2D12EA34007F7858 /* Preview Projects.swift in Sources */ = {isa = PBXBuildFile; fileRef = F37831DE2D12EA34007F7858 /* Preview Projects.swift */; };
		F37D1BED2CDA231F00D8817D /* Provider.swift in Sources */ = {isa = PBXBuildFile; fileRef = F37D1BEC2CDA231F00D8817D /* Provider.swift */; };
		F37D1BEF2CDA234700D8817D /* Simple Entry.swift in Sources */ = {isa = PBXBuildFile; fileRef = F37D1BEE2CDA234700D8817D /* Simple Entry.swift */; };
		F37D1BF12CDA235D00D8817D /* Entry View.swift in Sources */ = {isa = PBXBuildFile; fileRef = F37D1BF02CDA235D00D8817D /* Entry View.swift */; };
		F37D1BF62CDA259E00D8817D /* Smart Scan.swift in Sources */ = {isa = PBXBuildFile; fileRef = F37D1BF52CDA259E00D8817D /* Smart Scan.swift */; };
		F37D1BFA2CDA272600D8817D /* Duplicate Section.swift in Sources */ = {isa = PBXBuildFile; fileRef = F37D1BF92CDA272600D8817D /* Duplicate Section.swift */; };
		F3874E2C2D36803C000BDCD9 /* Proj Details Swift Tools.swift in Sources */ = {isa = PBXBuildFile; fileRef = F3874E2B2D36803C000BDCD9 /* Proj Details Swift Tools.swift */; };
		F387AC322BFEC6C600EC1DC5 /* Analyser.swift in Sources */ = {isa = PBXBuildFile; fileRef = F387AC312BFEC6C600EC1DC5 /* Analyser.swift */; };
		F38B5E522BFD6F6100CB9917 /* Proj Card.swift in Sources */ = {isa = PBXBuildFile; fileRef = F38B5E512BFD6F6100CB9917 /* Proj Card.swift */; };
		F38B5E582BFE134400CB9917 /* Search Suggestions.swift in Sources */ = {isa = PBXBuildFile; fileRef = F38B5E572BFE134400CB9917 /* Search Suggestions.swift */; };
		F38FB0E52DD2A73100C8A19B /* ScrechKit in Embed Frameworks */ = {isa = PBXBuildFile; productRef = F3341E3E2BDEAB4D00E85F27 /* ScrechKit */; settings = {ATTRIBUTES = (CodeSignOnCopy, ); }; };
		F3929A672D1BA52D00FB06E6 /* Search Suggestion.swift in Sources */ = {isa = PBXBuildFile; fileRef = F3929A662D1BA52D00FB06E6 /* Search Suggestion.swift */; };
		F3B389BC2D0ECAFD0082C2F3 /* Proj Details.swift in Sources */ = {isa = PBXBuildFile; fileRef = F3B389BB2D0ECAFD0082C2F3 /* Proj Details.swift */; };
		F3B389BF2D0F6C370082C2F3 /* Proj Card Image.swift in Sources */ = {isa = PBXBuildFile; fileRef = F3B389BE2D0F6C370082C2F3 /* Proj Card Image.swift */; };
		F3B389C12D0F92500082C2F3 /* Nav Category.swift in Sources */ = {isa = PBXBuildFile; fileRef = F3B389C02D0F92500082C2F3 /* Nav Category.swift */; };
		F3B389C32D0F93500082C2F3 /* Package.swift in Sources */ = {isa = PBXBuildFile; fileRef = F3B389C22D0F93500082C2F3 /* Package.swift */; };
		F3B389C52D0F9AE80082C2F3 /* Swift Tools Version.swift in Sources */ = {isa = PBXBuildFile; fileRef = F3B389C42D0F9AE80082C2F3 /* Swift Tools Version.swift */; };
		F3B389C72D0F9B340082C2F3 /* Proj Icon.swift in Sources */ = {isa = PBXBuildFile; fileRef = F3B389C62D0F9B340082C2F3 /* Proj Icon.swift */; };
		F3B389CD2D0FAC770082C2F3 /* Derived Data Folder.swift in Sources */ = {isa = PBXBuildFile; fileRef = F3B389CC2D0FAC770082C2F3 /* Derived Data Folder.swift */; };
		F3B389CF2D1027890082C2F3 /* Derived Data Card.swift in Sources */ = {isa = PBXBuildFile; fileRef = F3B389CE2D1027890082C2F3 /* Derived Data Card.swift */; };
		F3B389D32D102F5E0082C2F3 /* Package Dep List.swift in Sources */ = {isa = PBXBuildFile; fileRef = F3B389D22D102F5E0082C2F3 /* Package Dep List.swift */; };
		F3B389D62D1032A40082C2F3 /* Package Dependency.swift in Sources */ = {isa = PBXBuildFile; fileRef = F3B389D52D1032A40082C2F3 /* Package Dependency.swift */; };
		F3D1E75F2C9B40B4000C81FF /* App Settings.swift in Sources */ = {isa = PBXBuildFile; fileRef = F3D1E75E2C9B40B4000C81FF /* App Settings.swift */; };
		F3DAD6752D161EAA0012BA9D /* Proj.swift in Sources */ = {isa = PBXBuildFile; fileRef = F3DAD6712D161EAA0012BA9D /* Proj.swift */; };
		F3DAD6772D161EAA0012BA9D /* Nav Mode.swift in Sources */ = {isa = PBXBuildFile; fileRef = F3DAD66F2D161EAA0012BA9D /* Nav Mode.swift */; };
		F3DAD6782D161EAA0012BA9D /* 2 Column Container.swift in Sources */ = {isa = PBXBuildFile; fileRef = F3DAD6652D161EAA0012BA9D /* 2 Column Container.swift */; };
		F3DAD67A2D161EAA0012BA9D /* Data Model.swift in Sources */ = {isa = PBXBuildFile; fileRef = F3DAD66C2D161EAA0012BA9D /* Data Model.swift */; };
		F3DAD67B2D161EAA0012BA9D /* Nav Model.swift in Sources */ = {isa = PBXBuildFile; fileRef = F3DAD66D2D161EAA0012BA9D /* Nav Model.swift */; };
		F3DAD67C2D161EAA0012BA9D /* 3 Column Container.swift in Sources */ = {isa = PBXBuildFile; fileRef = F3DAD6662D161EAA0012BA9D /* 3 Column Container.swift */; };
		F3DAD67E2D161EAA0012BA9D /* Nav Container.swift in Sources */ = {isa = PBXBuildFile; fileRef = F3DAD6632D161EAA0012BA9D /* Nav Container.swift */; };
		F3DAD67F2D161EAA0012BA9D /* Stack Container.swift in Sources */ = {isa = PBXBuildFile; fileRef = F3DAD6642D161EAA0012BA9D /* Stack Container.swift */; };
		F3DAD68A2D161ECC0012BA9D /* Proj Grid.swift in Sources */ = {isa = PBXBuildFile; fileRef = F3DAD6862D161ECC0012BA9D /* Proj Grid.swift */; };
		F3DAD68C2D161ECC0012BA9D /* Nav Mode Button.swift in Sources */ = {isa = PBXBuildFile; fileRef = F3DAD6812D161ECC0012BA9D /* Nav Mode Button.swift */; };
		F3DAD68D2D161ECC0012BA9D /* Nav Mode Picker Row.swift in Sources */ = {isa = PBXBuildFile; fileRef = F3DAD6832D161ECC0012BA9D /* Nav Mode Picker Row.swift */; };
		F3DAD68E2D161ECC0012BA9D /* Nav Mode Picker.swift in Sources */ = {isa = PBXBuildFile; fileRef = F3DAD6822D161ECC0012BA9D /* Nav Mode Picker.swift */; };
		F3DAD6922D161ECC0012BA9D /* Proj Grid Item.swift in Sources */ = {isa = PBXBuildFile; fileRef = F3DAD6882D161ECC0012BA9D /* Proj Grid Item.swift */; };
		F3E7ECA02C687BAD008CD17B /* Proj List Toolbar.swift in Sources */ = {isa = PBXBuildFile; fileRef = F3E7EC9F2C687BAD008CD17B /* Proj List Toolbar.swift */; };
		F3E7ECA22C687C5D008CD17B /* Duplicate Projects.swift in Sources */ = {isa = PBXBuildFile; fileRef = F3E7ECA12C687C5D008CD17B /* Duplicate Projects.swift */; };
		F3ED776F2D1772F8000977AC /* Proj List VM.swift in Sources */ = {isa = PBXBuildFile; fileRef = F3ED776E2D1772F8000977AC /* Proj List VM.swift */; };
		F3FC8A582D1AFDC300A7CCBC /* 2 Column Detail.swift in Sources */ = {isa = PBXBuildFile; fileRef = F3FC8A572D1AFDC300A7CCBC /* 2 Column Detail.swift */; };
		F3FC8A5A2D1AFEC700A7CCBC /* 3 Column Detail.swift in Sources */ = {isa = PBXBuildFile; fileRef = F3FC8A592D1AFEC700A7CCBC /* 3 Column Detail.swift */; };
		F3FC8A5C2D1AFF2A00A7CCBC /* 3 Column Content.swift in Sources */ = {isa = PBXBuildFile; fileRef = F3FC8A5B2D1AFF2A00A7CCBC /* 3 Column Content.swift */; };
		F3FC8A5E2D1AFFD500A7CCBC /* Column Sidebar.swift in Sources */ = {isa = PBXBuildFile; fileRef = F3FC8A5D2D1AFFD500A7CCBC /* Column Sidebar.swift */; };
/* End PBXBuildFile section */

/* Begin PBXCopyFilesBuildPhase section */
		F38FB0E62DD2A73100C8A19B /* Embed Frameworks */ = {
			isa = PBXCopyFilesBuildPhase;
			dstPath = "";
			dstSubfolder = Frameworks;
			files = (
				F38FB0E52DD2A73100C8A19B /* ScrechKit in Embed Frameworks */,
			);
			name = "Embed Frameworks";
		};
/* End PBXCopyFilesBuildPhase section */

/* Begin PBXFileReference section */
		F313BE1C2C871E13005C8B60 /* Examples.zip */ = {isa = PBXFileReference; lastKnownFileType = archive.zip; path = Examples.zip; sourceTree = "<group>"; };
		F31EF9462D103896000F95A7 /* Package Dep Card.swift */ = {isa = PBXFileReference; lastKnownFileType = sourcecode.swift; path = "Package Dep Card.swift"; sourceTree = "<group>"; };
		F31EF9482D1038CE000F95A7 /* Package Dep Details.swift */ = {isa = PBXFileReference; lastKnownFileType = sourcecode.swift; path = "Package Dep Details.swift"; sourceTree = "<group>"; };
		F323EC932D315E3A00973FA0 /* Value Store.swift */ = {isa = PBXFileReference; lastKnownFileType = sourcecode.swift; path = "Value Store.swift"; sourceTree = "<group>"; };
		F323EC952D31E39A00973FA0 /* Open Buttons.swift */ = {isa = PBXFileReference; lastKnownFileType = sourcecode.swift; path = "Open Buttons.swift"; sourceTree = "<group>"; };
		F329E1802D3683E4007BA9D1 /* Proj Details Gitignore.swift */ = {isa = PBXFileReference; lastKnownFileType = sourcecode.swift; path = "Proj Details Gitignore.swift"; sourceTree = "<group>"; };
		F32A1E012D2FB7B6008AEB2F /* Localizable.xcstrings */ = {isa = PBXFileReference; lastKnownFileType = text.json.xcstrings; path = Localizable.xcstrings; sourceTree = "<group>"; };
		F32A1E042D30FD1C008AEB2F /* Bottom Bar.swift */ = {isa = PBXFileReference; lastKnownFileType = sourcecode.swift; path = "Bottom Bar.swift"; sourceTree = "<group>"; };
		F33081732C9057F700605E43 /* Widgets.appex */ = {isa = PBXFileReference; explicitFileType = "wrapper.app-extension"; includeInIndex = 0; path = Widgets.appex; sourceTree = BUILT_PRODUCTS_DIR; };
		F33081752C9057F700605E43 /* WidgetKit.framework */ = {isa = PBXFileReference; lastKnownFileType = wrapper.framework; name = WidgetKit.framework; path = System/Library/Frameworks/WidgetKit.framework; sourceTree = SDKROOT; };
		F33081772C9057F700605E43 /* SwiftUI.framework */ = {isa = PBXFileReference; lastKnownFileType = wrapper.framework; name = SwiftUI.framework; path = System/Library/Frameworks/SwiftUI.framework; sourceTree = SDKROOT; };
		F330817A2C9057F700605E43 /* XProj Widgets Bundle.swift */ = {isa = PBXFileReference; lastKnownFileType = sourcecode.swift; path = "XProj Widgets Bundle.swift"; sourceTree = "<group>"; };
		F330817C2C9057F700605E43 /* XProj Widgets Control.swift */ = {isa = PBXFileReference; lastKnownFileType = sourcecode.swift; path = "XProj Widgets Control.swift"; sourceTree = "<group>"; };
		F330817E2C9057F700605E43 /* XProj Widgets.swift */ = {isa = PBXFileReference; lastKnownFileType = sourcecode.swift; path = "XProj Widgets.swift"; sourceTree = "<group>"; };
		F33081802C9057F700605E43 /* App Intent.swift */ = {isa = PBXFileReference; lastKnownFileType = sourcecode.swift; path = "App Intent.swift"; sourceTree = "<group>"; };
		F33081822C9057F700605E43 /* Assets.xcassets */ = {isa = PBXFileReference; lastKnownFileType = folder.assetcatalog; path = Assets.xcassets; sourceTree = "<group>"; };
		F33081842C9057F700605E43 /* Widgets.plist */ = {isa = PBXFileReference; lastKnownFileType = text.plist.xml; path = Widgets.plist; sourceTree = "<group>"; };
		F3341E292BDE358900E85F27 /* XProj.app */ = {isa = PBXFileReference; explicitFileType = wrapper.application; includeInIndex = 0; path = XProj.app; sourceTree = BUILT_PRODUCTS_DIR; };
		F3341E2C2BDE358900E85F27 /* XProj App.swift */ = {isa = PBXFileReference; lastKnownFileType = sourcecode.swift; path = "XProj App.swift"; sourceTree = "<group>"; };
		F3341E302BDE358A00E85F27 /* Assets.xcassets */ = {isa = PBXFileReference; lastKnownFileType = folder.assetcatalog; path = Assets.xcassets; sourceTree = "<group>"; };
		F3341E352BDE358A00E85F27 /* macOS.entitlements */ = {isa = PBXFileReference; lastKnownFileType = text.plist.entitlements; path = macOS.entitlements; sourceTree = "<group>"; };
		F3515C202D366DA70078E588 /* Proj Card Platforms.swift */ = {isa = PBXFileReference; lastKnownFileType = sourcecode.swift; path = "Proj Card Platforms.swift"; sourceTree = "<group>"; };
		F3522DC52C2A29C000660101 /* Derived Data List.swift */ = {isa = PBXFileReference; lastKnownFileType = sourcecode.swift; path = "Derived Data List.swift"; sourceTree = "<group>"; };
		F3522DCA2C2A2A5600660101 /* Derived Data VM.swift */ = {isa = PBXFileReference; lastKnownFileType = sourcecode.swift; path = "Derived Data VM.swift"; sourceTree = "<group>"; };
		F3522DCC2C2AA32C00660101 /* File Manager.swift */ = {isa = PBXFileReference; lastKnownFileType = sourcecode.swift; path = "File Manager.swift"; sourceTree = "<group>"; };
		F3522DCE2C2AA51800660101 /* Derived Data Entry.swift */ = {isa = PBXFileReference; lastKnownFileType = sourcecode.swift; path = "Derived Data Entry.swift"; sourceTree = "<group>"; };
		F371A5182C2D84BA006BDF0D /* Proj Card VM.swift */ = {isa = PBXFileReference; lastKnownFileType = sourcecode.swift; path = "Proj Card VM.swift"; sourceTree = "<group>"; };
		F371A51A2C2D8D58006BDF0D /* MB Proj List.swift */ = {isa = PBXFileReference; lastKnownFileType = sourcecode.swift; path = "MB Proj List.swift"; sourceTree = "<group>"; };
		F371A51C2C2D8D94006BDF0D /* MB Proj Card.swift */ = {isa = PBXFileReference; lastKnownFileType = sourcecode.swift; path = "MB Proj Card.swift"; sourceTree = "<group>"; };
		F371A5222C2D97AB006BDF0D /* Unit Tests.xctest */ = {isa = PBXFileReference; explicitFileType = wrapper.cfbundle; includeInIndex = 0; path = "Unit Tests.xctest"; sourceTree = BUILT_PRODUCTS_DIR; };
		F371A5242C2D97AB006BDF0D /* XProj Tests.swift */ = {isa = PBXFileReference; lastKnownFileType = sourcecode.swift; path = "XProj Tests.swift"; sourceTree = "<group>"; };
		F37831AF2D109282007F7858 /* Targets.swift */ = {isa = PBXFileReference; lastKnownFileType = sourcecode.swift; path = Targets.swift; sourceTree = "<group>"; };
		F37831B82D10A19E007F7858 /* Fetch project file path.swift */ = {isa = PBXFileReference; lastKnownFileType = sourcecode.swift; path = "Fetch project file path.swift"; sourceTree = "<group>"; };
		F37831BA2D10CE9A007F7858 /* Formatters.swift */ = {isa = PBXFileReference; lastKnownFileType = sourcecode.swift; path = Formatters.swift; sourceTree = "<group>"; };
		F37831BE2D10D8DE007F7858 /* Packages in Package.swift */ = {isa = PBXFileReference; lastKnownFileType = sourcecode.swift; path = "Packages in Package.swift"; sourceTree = "<group>"; };
		F37831C02D10E1CF007F7858 /* App Store App.swift */ = {isa = PBXFileReference; lastKnownFileType = sourcecode.swift; path = "App Store App.swift"; sourceTree = "<group>"; };
		F37831C42D11A4F4007F7858 /* Proj Details Target.swift */ = {isa = PBXFileReference; lastKnownFileType = sourcecode.swift; path = "Proj Details Target.swift"; sourceTree = "<group>"; };
		F37831C62D11A590007F7858 /* Proj Details Dependency.swift */ = {isa = PBXFileReference; lastKnownFileType = sourcecode.swift; path = "Proj Details Dependency.swift"; sourceTree = "<group>"; };
		F37831C82D11A69B007F7858 /* Proj Details Dates.swift */ = {isa = PBXFileReference; lastKnownFileType = sourcecode.swift; path = "Proj Details Dates.swift"; sourceTree = "<group>"; };
		F37831CB2D11AF86007F7858 /* icon.swift */ = {isa = PBXFileReference; lastKnownFileType = sourcecode.swift; path = icon.swift; sourceTree = "<group>"; };
		F37831CE2D11D11B007F7858 /* Proj Details Image.swift */ = {isa = PBXFileReference; lastKnownFileType = sourcecode.swift; path = "Proj Details Image.swift"; sourceTree = "<group>"; };
		F37831D02D11D177007F7858 /* Proj Details Actions.swift */ = {isa = PBXFileReference; lastKnownFileType = sourcecode.swift; path = "Proj Details Actions.swift"; sourceTree = "<group>"; };
		F37831D22D11D221007F7858 /* Proj Details Targets.swift */ = {isa = PBXFileReference; lastKnownFileType = sourcecode.swift; path = "Proj Details Targets.swift"; sourceTree = "<group>"; };
		F37831D42D11D292007F7858 /* Proj Details Dependency List.swift */ = {isa = PBXFileReference; lastKnownFileType = sourcecode.swift; path = "Proj Details Dependency List.swift"; sourceTree = "<group>"; };
		F37831D72D12DF0E007F7858 /* Open folder picker.swift */ = {isa = PBXFileReference; lastKnownFileType = sourcecode.swift; path = "Open folder picker.swift"; sourceTree = "<group>"; };
		F37831DA2D12E0E6007F7858 /* Save bookmark.swift */ = {isa = PBXFileReference; lastKnownFileType = sourcecode.swift; path = "Save bookmark.swift"; sourceTree = "<group>"; };
		F37831DC2D12E57D007F7858 /* Restore access to folder.swift */ = {isa = PBXFileReference; lastKnownFileType = sourcecode.swift; path = "Restore access to folder.swift"; sourceTree = "<group>"; };
		F37831DE2D12EA34007F7858 /* Preview Projects.swift */ = {isa = PBXFileReference; lastKnownFileType = sourcecode.swift; path = "Preview Projects.swift"; sourceTree = "<group>"; };
		F37B90722BFE9E1600597624 /* macOS.plist */ = {isa = PBXFileReference; lastKnownFileType = text.plist.xml; path = macOS.plist; sourceTree = "<group>"; };
		F37D1BEC2CDA231F00D8817D /* Provider.swift */ = {isa = PBXFileReference; lastKnownFileType = sourcecode.swift; path = Provider.swift; sourceTree = "<group>"; };
		F37D1BEE2CDA234700D8817D /* Simple Entry.swift */ = {isa = PBXFileReference; lastKnownFileType = sourcecode.swift; path = "Simple Entry.swift"; sourceTree = "<group>"; };
		F37D1BF02CDA235D00D8817D /* Entry View.swift */ = {isa = PBXFileReference; lastKnownFileType = sourcecode.swift; path = "Entry View.swift"; sourceTree = "<group>"; };
		F37D1BF52CDA259E00D8817D /* Smart Scan.swift */ = {isa = PBXFileReference; lastKnownFileType = sourcecode.swift; path = "Smart Scan.swift"; sourceTree = "<group>"; };
		F37D1BF92CDA272600D8817D /* Duplicate Section.swift */ = {isa = PBXFileReference; lastKnownFileType = sourcecode.swift; path = "Duplicate Section.swift"; sourceTree = "<group>"; };
		F3874E2B2D36803C000BDCD9 /* Proj Details Swift Tools.swift */ = {isa = PBXFileReference; lastKnownFileType = sourcecode.swift; path = "Proj Details Swift Tools.swift"; sourceTree = "<group>"; };
		F387AC312BFEC6C600EC1DC5 /* Analyser.swift */ = {isa = PBXFileReference; lastKnownFileType = sourcecode.swift; path = Analyser.swift; sourceTree = "<group>"; };
		F38B5E512BFD6F6100CB9917 /* Proj Card.swift */ = {isa = PBXFileReference; lastKnownFileType = sourcecode.swift; path = "Proj Card.swift"; sourceTree = "<group>"; };
		F38B5E572BFE134400CB9917 /* Search Suggestions.swift */ = {isa = PBXFileReference; lastKnownFileType = sourcecode.swift; path = "Search Suggestions.swift"; sourceTree = "<group>"; };
		F3929A662D1BA52D00FB06E6 /* Search Suggestion.swift */ = {isa = PBXFileReference; lastKnownFileType = sourcecode.swift; path = "Search Suggestion.swift"; sourceTree = "<group>"; };
		F3B389BB2D0ECAFD0082C2F3 /* Proj Details.swift */ = {isa = PBXFileReference; lastKnownFileType = sourcecode.swift; path = "Proj Details.swift"; sourceTree = "<group>"; };
		F3B389BE2D0F6C370082C2F3 /* Proj Card Image.swift */ = {isa = PBXFileReference; lastKnownFileType = sourcecode.swift; path = "Proj Card Image.swift"; sourceTree = "<group>"; };
		F3B389C02D0F92500082C2F3 /* Nav Category.swift */ = {isa = PBXFileReference; lastKnownFileType = sourcecode.swift; path = "Nav Category.swift"; sourceTree = "<group>"; };
		F3B389C22D0F93500082C2F3 /* Package.swift */ = {isa = PBXFileReference; lastKnownFileType = sourcecode.swift; path = Package.swift; sourceTree = "<group>"; };
		F3B389C42D0F9AE80082C2F3 /* Swift Tools Version.swift */ = {isa = PBXFileReference; lastKnownFileType = sourcecode.swift; path = "Swift Tools Version.swift"; sourceTree = "<group>"; };
		F3B389C62D0F9B340082C2F3 /* Proj Icon.swift */ = {isa = PBXFileReference; lastKnownFileType = sourcecode.swift; path = "Proj Icon.swift"; sourceTree = "<group>"; };
		F3B389CC2D0FAC770082C2F3 /* Derived Data Folder.swift */ = {isa = PBXFileReference; lastKnownFileType = sourcecode.swift; path = "Derived Data Folder.swift"; sourceTree = "<group>"; };
		F3B389CE2D1027890082C2F3 /* Derived Data Card.swift */ = {isa = PBXFileReference; lastKnownFileType = sourcecode.swift; path = "Derived Data Card.swift"; sourceTree = "<group>"; };
		F3B389D22D102F5E0082C2F3 /* Package Dep List.swift */ = {isa = PBXFileReference; lastKnownFileType = sourcecode.swift; path = "Package Dep List.swift"; sourceTree = "<group>"; };
		F3B389D52D1032A40082C2F3 /* Package Dependency.swift */ = {isa = PBXFileReference; lastKnownFileType = sourcecode.swift; path = "Package Dependency.swift"; sourceTree = "<group>"; };
		F3D1E75E2C9B40B4000C81FF /* App Settings.swift */ = {isa = PBXFileReference; lastKnownFileType = sourcecode.swift; path = "App Settings.swift"; sourceTree = "<group>"; };
		F3DAD6632D161EAA0012BA9D /* Nav Container.swift */ = {isa = PBXFileReference; lastKnownFileType = sourcecode.swift; path = "Nav Container.swift"; sourceTree = "<group>"; };
		F3DAD6642D161EAA0012BA9D /* Stack Container.swift */ = {isa = PBXFileReference; lastKnownFileType = sourcecode.swift; path = "Stack Container.swift"; sourceTree = "<group>"; };
		F3DAD6652D161EAA0012BA9D /* 2 Column Container.swift */ = {isa = PBXFileReference; lastKnownFileType = sourcecode.swift; path = "2 Column Container.swift"; sourceTree = "<group>"; };
		F3DAD6662D161EAA0012BA9D /* 3 Column Container.swift */ = {isa = PBXFileReference; lastKnownFileType = sourcecode.swift; path = "3 Column Container.swift"; sourceTree = "<group>"; };
		F3DAD66C2D161EAA0012BA9D /* Data Model.swift */ = {isa = PBXFileReference; lastKnownFileType = sourcecode.swift; path = "Data Model.swift"; sourceTree = "<group>"; };
		F3DAD66D2D161EAA0012BA9D /* Nav Model.swift */ = {isa = PBXFileReference; lastKnownFileType = sourcecode.swift; path = "Nav Model.swift"; sourceTree = "<group>"; };
		F3DAD66F2D161EAA0012BA9D /* Nav Mode.swift */ = {isa = PBXFileReference; lastKnownFileType = sourcecode.swift; path = "Nav Mode.swift"; sourceTree = "<group>"; };
		F3DAD6712D161EAA0012BA9D /* Proj.swift */ = {isa = PBXFileReference; lastKnownFileType = sourcecode.swift; path = Proj.swift; sourceTree = "<group>"; };
		F3DAD6812D161ECC0012BA9D /* Nav Mode Button.swift */ = {isa = PBXFileReference; lastKnownFileType = sourcecode.swift; path = "Nav Mode Button.swift"; sourceTree = "<group>"; };
		F3DAD6822D161ECC0012BA9D /* Nav Mode Picker.swift */ = {isa = PBXFileReference; lastKnownFileType = sourcecode.swift; path = "Nav Mode Picker.swift"; sourceTree = "<group>"; };
		F3DAD6832D161ECC0012BA9D /* Nav Mode Picker Row.swift */ = {isa = PBXFileReference; lastKnownFileType = sourcecode.swift; path = "Nav Mode Picker Row.swift"; sourceTree = "<group>"; };
		F3DAD6862D161ECC0012BA9D /* Proj Grid.swift */ = {isa = PBXFileReference; lastKnownFileType = sourcecode.swift; path = "Proj Grid.swift"; sourceTree = "<group>"; };
		F3DAD6882D161ECC0012BA9D /* Proj Grid Item.swift */ = {isa = PBXFileReference; lastKnownFileType = sourcecode.swift; path = "Proj Grid Item.swift"; sourceTree = "<group>"; };
		F3E7EC9F2C687BAD008CD17B /* Proj List Toolbar.swift */ = {isa = PBXFileReference; lastKnownFileType = sourcecode.swift; path = "Proj List Toolbar.swift"; sourceTree = "<group>"; };
		F3E7ECA12C687C5D008CD17B /* Duplicate Projects.swift */ = {isa = PBXFileReference; lastKnownFileType = sourcecode.swift; path = "Duplicate Projects.swift"; sourceTree = "<group>"; };
		F3ED776E2D1772F8000977AC /* Proj List VM.swift */ = {isa = PBXFileReference; lastKnownFileType = sourcecode.swift; path = "Proj List VM.swift"; sourceTree = "<group>"; };
		F3FC8A572D1AFDC300A7CCBC /* 2 Column Detail.swift */ = {isa = PBXFileReference; lastKnownFileType = sourcecode.swift; path = "2 Column Detail.swift"; sourceTree = "<group>"; };
		F3FC8A592D1AFEC700A7CCBC /* 3 Column Detail.swift */ = {isa = PBXFileReference; lastKnownFileType = sourcecode.swift; path = "3 Column Detail.swift"; sourceTree = "<group>"; };
		F3FC8A5B2D1AFF2A00A7CCBC /* 3 Column Content.swift */ = {isa = PBXFileReference; lastKnownFileType = sourcecode.swift; path = "3 Column Content.swift"; sourceTree = "<group>"; };
		F3FC8A5D2D1AFFD500A7CCBC /* Column Sidebar.swift */ = {isa = PBXFileReference; lastKnownFileType = sourcecode.swift; path = "Column Sidebar.swift"; sourceTree = "<group>"; };
/* End PBXFileReference section */

/* Begin PBXFrameworksBuildPhase section */
		F33081702C9057F700605E43 /* Frameworks */ = {
			isa = PBXFrameworksBuildPhase;
			files = (
				F33081782C9057F700605E43 /* SwiftUI.framework in Frameworks */,
				F33081762C9057F700605E43 /* WidgetKit.framework in Frameworks */,
			);
		};
		F3341E262BDE358900E85F27 /* Frameworks */ = {
			isa = PBXFrameworksBuildPhase;
			files = (
				F358F02B2D2C19A200BCC07B /* LaunchAtLogin in Frameworks */,
				F37831B72D1095EC007F7858 /* XcodeProjKit in Frameworks */,
				F3341E3F2BDEAB4D00E85F27 /* ScrechKit in Frameworks */,
			);
		};
		F371A51F2C2D97AB006BDF0D /* Frameworks */ = {
			isa = PBXFrameworksBuildPhase;
			files = (
			);
		};
/* End PBXFrameworksBuildPhase section */

/* Begin PBXGroup section */
		F33081742C9057F700605E43 /* Frameworks */ = {
			isa = PBXGroup;
			children = (
				F33081752C9057F700605E43 /* WidgetKit.framework */,
				F33081772C9057F700605E43 /* SwiftUI.framework */,
			);
			name = Frameworks;
			sourceTree = "<group>";
		};
		F33081892C90580500605E43 /* XProj Widgets */ = {
			isa = PBXGroup;
			children = (
				F330817E2C9057F700605E43 /* XProj Widgets.swift */,
				F33081842C9057F700605E43 /* Widgets.plist */,
				F33081822C9057F700605E43 /* Assets.xcassets */,
				F37D1BEC2CDA231F00D8817D /* Provider.swift */,
				F37D1BF02CDA235D00D8817D /* Entry View.swift */,
				F37D1BEE2CDA234700D8817D /* Simple Entry.swift */,
				F33081802C9057F700605E43 /* App Intent.swift */,
				F330817A2C9057F700605E43 /* XProj Widgets Bundle.swift */,
				F330817C2C9057F700605E43 /* XProj Widgets Control.swift */,
			);
			path = "XProj Widgets";
			sourceTree = "<group>";
		};
		F3341E202BDE358900E85F27 = {
			isa = PBXGroup;
			children = (
				F3341E2B2BDE358900E85F27 /* XProj */,
				F33081892C90580500605E43 /* XProj Widgets */,
				F371A5232C2D97AB006BDF0D /* XProj Tests */,
				F33081742C9057F700605E43 /* Frameworks */,
				F3341E2A2BDE358900E85F27 /* Products */,
			);
			sourceTree = "<group>";
		};
		F3341E2A2BDE358900E85F27 /* Products */ = {
			isa = PBXGroup;
			children = (
				F3341E292BDE358900E85F27 /* XProj.app */,
				F371A5222C2D97AB006BDF0D /* Unit Tests.xctest */,
				F33081732C9057F700605E43 /* Widgets.appex */,
			);
			name = Products;
			sourceTree = "<group>";
		};
		F3341E2B2BDE358900E85F27 /* XProj */ = {
			isa = PBXGroup;
			children = (
				F3341E2C2BDE358900E85F27 /* XProj App.swift */,
				F323EC932D315E3A00973FA0 /* Value Store.swift */,
				F3DB25452C2C4E8B00A0C066 /* Nav */,
				F37B90722BFE9E1600597624 /* macOS.plist */,
				F3341E352BDE358A00E85F27 /* macOS.entitlements */,
				F3341E302BDE358A00E85F27 /* Assets.xcassets */,
				F32A1E012D2FB7B6008AEB2F /* Localizable.xcstrings */,
				F313BE1C2C871E13005C8B60 /* Examples.zip */,
				F37831DE2D12EA34007F7858 /* Preview Projects.swift */,
				F3DAD66C2D161EAA0012BA9D /* Data Model.swift */,
				F3DAD66D2D161EAA0012BA9D /* Nav Model.swift */,
				F37831D92D12E028007F7858 /* funcs */,
				F37831CA2D11A75F007F7858 /* Proj List */,
				F3B389BD2D0ECB090082C2F3 /* Proj Details */,
				F37D1BF42CDA258B00D8817D /* Smart Scan */,
				F3B389D42D102F620082C2F3 /* Dependencies */,
				F38B5E592BFE141300CB9917 /* Elements */,
				F38B5E502BFD6F2700CB9917 /* Models */,
				F3522DC92C2A29D200660101 /* Derived Data */,
				F38B5E4F2BFD6F1D00CB9917 /* Settings */,
				F371A5522C2DC08D006BDF0D /* Menu Bar Extra */,
			);
			path = XProj;
			sourceTree = "<group>";
		};
		F350D40A2D1551ED000EEA57 /* Proj */ = {
			isa = PBXGroup;
			children = (
				F3DAD6712D161EAA0012BA9D /* Proj.swift */,
				F3B389C62D0F9B340082C2F3 /* Proj Icon.swift */,
				F3B389C42D0F9AE80082C2F3 /* Swift Tools Version.swift */,
			);
			path = Proj;
			sourceTree = "<group>";
		};
		F3522DC92C2A29D200660101 /* Derived Data */ = {
			isa = PBXGroup;
			children = (
				F3522DC52C2A29C000660101 /* Derived Data List.swift */,
				F3B389CE2D1027890082C2F3 /* Derived Data Card.swift */,
				F3522DCA2C2A2A5600660101 /* Derived Data VM.swift */,
				F3B389CC2D0FAC770082C2F3 /* Derived Data Folder.swift */,
				F3522DCE2C2AA51800660101 /* Derived Data Entry.swift */,
				F3522DCC2C2AA32C00660101 /* File Manager.swift */,
			);
			path = "Derived Data";
			sourceTree = "<group>";
		};
		F371A5232C2D97AB006BDF0D /* XProj Tests */ = {
			isa = PBXGroup;
			children = (
				F371A5242C2D97AB006BDF0D /* XProj Tests.swift */,
			);
			path = "XProj Tests";
			sourceTree = "<group>";
		};
		F371A5522C2DC08D006BDF0D /* Menu Bar Extra */ = {
			isa = PBXGroup;
			children = (
				F371A51A2C2D8D58006BDF0D /* MB Proj List.swift */,
				F371A51C2C2D8D94006BDF0D /* MB Proj Card.swift */,
			);
			path = "Menu Bar Extra";
			sourceTree = "<group>";
		};
		F37831CA2D11A75F007F7858 /* Proj List */ = {
			isa = PBXGroup;
			children = (
				F3ED776E2D1772F8000977AC /* Proj List VM.swift */,
				F387AC312BFEC6C600EC1DC5 /* Analyser.swift */,
				F3E7EC9F2C687BAD008CD17B /* Proj List Toolbar.swift */,
				F37831CD2D11C649007F7858 /* Proj Card */,
			);
			path = "Proj List";
			sourceTree = "<group>";
		};
		F37831CD2D11C649007F7858 /* Proj Card */ = {
			isa = PBXGroup;
			children = (
				F38B5E512BFD6F6100CB9917 /* Proj Card.swift */,
				F371A5182C2D84BA006BDF0D /* Proj Card VM.swift */,
				F3B389BE2D0F6C370082C2F3 /* Proj Card Image.swift */,
				F3515C202D366DA70078E588 /* Proj Card Platforms.swift */,
			);
			path = "Proj Card";
			sourceTree = "<group>";
		};
		F37831D62D11D3B4007F7858 /* Components */ = {
			isa = PBXGroup;
			children = (
				F3874E2B2D36803C000BDCD9 /* Proj Details Swift Tools.swift */,
				F37831CE2D11D11B007F7858 /* Proj Details Image.swift */,
				F37831D02D11D177007F7858 /* Proj Details Actions.swift */,
				F37831C82D11A69B007F7858 /* Proj Details Dates.swift */,
				F37831D42D11D292007F7858 /* Proj Details Dependency List.swift */,
				F37831C62D11A590007F7858 /* Proj Details Dependency.swift */,
				F329E1802D3683E4007BA9D1 /* Proj Details Gitignore.swift */,
				F38FB0E72DD2A79200C8A19B /* Targets */,
			);
			path = Components;
			sourceTree = "<group>";
		};
		F37831D92D12E028007F7858 /* funcs */ = {
			isa = PBXGroup;
			children = (
				F37831DA2D12E0E6007F7858 /* Save bookmark.swift */,
				F37831CB2D11AF86007F7858 /* icon.swift */,
				F37831DC2D12E57D007F7858 /* Restore access to folder.swift */,
				F37831D72D12DF0E007F7858 /* Open folder picker.swift */,
				F37831BA2D10CE9A007F7858 /* Formatters.swift */,
			);
			path = funcs;
			sourceTree = "<group>";
		};
		F37D1BF42CDA258B00D8817D /* Smart Scan */ = {
			isa = PBXGroup;
			children = (
				F37D1BF52CDA259E00D8817D /* Smart Scan.swift */,
				F3E7ECA12C687C5D008CD17B /* Duplicate Projects.swift */,
				F37D1BF92CDA272600D8817D /* Duplicate Section.swift */,
			);
			path = "Smart Scan";
			sourceTree = "<group>";
		};
		F38B5E4F2BFD6F1D00CB9917 /* Settings */ = {
			isa = PBXGroup;
			children = (
				F3D1E75E2C9B40B4000C81FF /* App Settings.swift */,
			);
			path = Settings;
			sourceTree = "<group>";
		};
		F38B5E502BFD6F2700CB9917 /* Models */ = {
			isa = PBXGroup;
			children = (
				F350D40A2D1551ED000EEA57 /* Proj */,
				F37831C02D10E1CF007F7858 /* App Store App.swift */,
				F37831AF2D109282007F7858 /* Targets.swift */,
				F37831B82D10A19E007F7858 /* Fetch project file path.swift */,
				F3B389C22D0F93500082C2F3 /* Package.swift */,
				F37831BE2D10D8DE007F7858 /* Packages in Package.swift */,
			);
			path = Models;
			sourceTree = "<group>";
		};
		F38B5E592BFE141300CB9917 /* Elements */ = {
			isa = PBXGroup;
			children = (
				F38B5E572BFE134400CB9917 /* Search Suggestions.swift */,
				F3929A662D1BA52D00FB06E6 /* Search Suggestion.swift */,
			);
			path = Elements;
			sourceTree = "<group>";
		};
		F38FB0E72DD2A79200C8A19B /* Targets */ = {
			isa = PBXGroup;
			children = (
				F37831D22D11D221007F7858 /* Proj Details Targets.swift */,
				F37831C42D11A4F4007F7858 /* Proj Details Target.swift */,
			);
			path = Targets;
			sourceTree = "<group>";
		};
		F3B389BD2D0ECB090082C2F3 /* Proj Details */ = {
			isa = PBXGroup;
			children = (
				F3B389BB2D0ECAFD0082C2F3 /* Proj Details.swift */,
				F37831D62D11D3B4007F7858 /* Components */,
			);
			path = "Proj Details";
			sourceTree = "<group>";
		};
		F3B389D42D102F620082C2F3 /* Dependencies */ = {
			isa = PBXGroup;
			children = (
				F3B389D22D102F5E0082C2F3 /* Package Dep List.swift */,
				F31EF9462D103896000F95A7 /* Package Dep Card.swift */,
				F31EF9482D1038CE000F95A7 /* Package Dep Details.swift */,
				F3B389D52D1032A40082C2F3 /* Package Dependency.swift */,
			);
			path = Dependencies;
			sourceTree = "<group>";
		};
		F3DAD6892D161ECC0012BA9D /* Nav Mode */ = {
			isa = PBXGroup;
			children = (
				F3DAD6812D161ECC0012BA9D /* Nav Mode Button.swift */,
				F3DAD6822D161ECC0012BA9D /* Nav Mode Picker.swift */,
				F3DAD6832D161ECC0012BA9D /* Nav Mode Picker Row.swift */,
				F3DAD66F2D161EAA0012BA9D /* Nav Mode.swift */,
			);
			path = "Nav Mode";
			sourceTree = "<group>";
		};
		F3DB25452C2C4E8B00A0C066 /* Nav */ = {
			isa = PBXGroup;
			children = (
				F3DAD6632D161EAA0012BA9D /* Nav Container.swift */,
				F3DAD6642D161EAA0012BA9D /* Stack Container.swift */,
				F3FC8A5D2D1AFFD500A7CCBC /* Column Sidebar.swift */,
				F3B389C02D0F92500082C2F3 /* Nav Category.swift */,
				F323EC952D31E39A00973FA0 /* Open Buttons.swift */,
				F32A1E042D30FD1C008AEB2F /* Bottom Bar.swift */,
				F3FC8A562D1AFD0F00A7CCBC /* 2 Column */,
				F3FC8A552D1AFD0300A7CCBC /* 3 Column */,
				F3DAD6892D161ECC0012BA9D /* Nav Mode */,
			);
			path = Nav;
			sourceTree = "<group>";
		};
		F3FC8A552D1AFD0300A7CCBC /* 3 Column */ = {
			isa = PBXGroup;
			children = (
				F3DAD6662D161EAA0012BA9D /* 3 Column Container.swift */,
				F3FC8A5B2D1AFF2A00A7CCBC /* 3 Column Content.swift */,
				F3FC8A592D1AFEC700A7CCBC /* 3 Column Detail.swift */,
			);
			path = "3 Column";
			sourceTree = "<group>";
		};
		F3FC8A562D1AFD0F00A7CCBC /* 2 Column */ = {
			isa = PBXGroup;
			children = (
				F3DAD6652D161EAA0012BA9D /* 2 Column Container.swift */,
				F3FC8A572D1AFDC300A7CCBC /* 2 Column Detail.swift */,
				F3DAD6862D161ECC0012BA9D /* Proj Grid.swift */,
				F3DAD6882D161ECC0012BA9D /* Proj Grid Item.swift */,
			);
			path = "2 Column";
			sourceTree = "<group>";
		};
/* End PBXGroup section */

/* Begin PBXNativeTarget section */
		F33081722C9057F700605E43 /* Widgets */ = {
			isa = PBXNativeTarget;
			buildConfigurationList = F33081882C9057F700605E43 /* Build configuration list for PBXNativeTarget "Widgets" */;
			buildPhases = (
				F330816F2C9057F700605E43 /* Sources */,
				F33081702C9057F700605E43 /* Frameworks */,
				F33081712C9057F700605E43 /* Resources */,
			);
			buildRules = (
			);
			name = Widgets;
			productName = "XProj WidgetsExtension";
			productReference = F33081732C9057F700605E43 /* Widgets.appex */;
			productType = "com.apple.product-type.app-extension";
		};
		F3341E282BDE358900E85F27 /* XProj */ = {
			isa = PBXNativeTarget;
			buildConfigurationList = F3341E382BDE358A00E85F27 /* Build configuration list for PBXNativeTarget "XProj" */;
			buildPhases = (
				F3341E252BDE358900E85F27 /* Sources */,
				F3341E262BDE358900E85F27 /* Frameworks */,
				F3341E272BDE358900E85F27 /* Resources */,
				F38FB0E62DD2A73100C8A19B /* Embed Frameworks */,
			);
			buildRules = (
			);
			name = XProj;
			packageProductDependencies = (
				F3341E3E2BDEAB4D00E85F27 /* ScrechKit */,
				F37831B62D1095EC007F7858 /* XcodeProjKit */,
				F358F02A2D2C19A200BCC07B /* LaunchAtLogin */,
			);
			productName = XProj;
			productReference = F3341E292BDE358900E85F27 /* XProj.app */;
			productType = "com.apple.product-type.application";
		};
		F371A5212C2D97AB006BDF0D /* Unit Tests */ = {
			isa = PBXNativeTarget;
			buildConfigurationList = F371A5262C2D97AB006BDF0D /* Build configuration list for PBXNativeTarget "Unit Tests" */;
			buildPhases = (
				F371A51E2C2D97AB006BDF0D /* Sources */,
				F371A51F2C2D97AB006BDF0D /* Frameworks */,
				F371A5202C2D97AB006BDF0D /* Resources */,
			);
			buildRules = (
			);
			name = "Unit Tests";
			productName = "XProj Tests";
			productReference = F371A5222C2D97AB006BDF0D /* Unit Tests.xctest */;
			productType = "com.apple.product-type.bundle.unit-test";
		};
/* End PBXNativeTarget section */

/* Begin PBXProject section */
		F3341E212BDE358900E85F27 /* Project object */ = {
			isa = PBXProject;
			attributes = {
				BuildIndependentTargetsInParallel = 1;
				LastSwiftUpdateCheck = 1600;
				LastUpgradeCheck = 1640;
				TargetAttributes = {
					F33081722C9057F700605E43 = {
						CreatedOnToolsVersion = 16.0;
					};
					F3341E282BDE358900E85F27 = {
						CreatedOnToolsVersion = 15.3;
					};
					F371A5212C2D97AB006BDF0D = {
						CreatedOnToolsVersion = 16.0;
					};
				};
			};
			buildConfigurationList = F3341E242BDE358900E85F27 /* Build configuration list for PBXProject "XProj" */;
			developmentRegion = en;
			hasScannedForEncodings = 0;
			knownRegions = (
				en,
				Base,
				ru,
			);
			mainGroup = F3341E202BDE358900E85F27;
			packageReferences = (
				F3341E3D2BDEAB4D00E85F27 /* XCRemoteSwiftPackageReference "ScrechKit" */,
				F37831B52D1095EC007F7858 /* XCRemoteSwiftPackageReference "XcodeProjKit" */,
				F358F0292D2C19A200BCC07B /* XCRemoteSwiftPackageReference "LaunchAtLogin" */,
			);
			preferredProjectObjectVersion = 90;
			productRefGroup = F3341E2A2BDE358900E85F27 /* Products */;
			projectDirPath = "";
			projectRoot = "";
			targets = (
				F3341E282BDE358900E85F27 /* XProj */,
				F33081722C9057F700605E43 /* Widgets */,
				F371A5212C2D97AB006BDF0D /* Unit Tests */,
			);
		};
/* End PBXProject section */

/* Begin PBXResourcesBuildPhase section */
		F33081712C9057F700605E43 /* Resources */ = {
			isa = PBXResourcesBuildPhase;
			files = (
				F32A1E032D2FB7BD008AEB2F /* Localizable.xcstrings in Resources */,
				F33081832C9057F700605E43 /* Assets.xcassets in Resources */,
			);
		};
		F3341E272BDE358900E85F27 /* Resources */ = {
			isa = PBXResourcesBuildPhase;
			files = (
				F313BE1D2C871E13005C8B60 /* Examples.zip in Resources */,
				F3341E312BDE358A00E85F27 /* Assets.xcassets in Resources */,
				F32A1E022D2FB7B6008AEB2F /* Localizable.xcstrings in Resources */,
			);
		};
		F371A5202C2D97AB006BDF0D /* Resources */ = {
			isa = PBXResourcesBuildPhase;
			files = (
			);
		};
/* End PBXResourcesBuildPhase section */

/* Begin PBXSourcesBuildPhase section */
		F330816F2C9057F700605E43 /* Sources */ = {
			isa = PBXSourcesBuildPhase;
			files = (
				F37D1BEF2CDA234700D8817D /* Simple Entry.swift in Sources */,
				F330817F2C9057F700605E43 /* XProj Widgets.swift in Sources */,
				F33081812C9057F700605E43 /* App Intent.swift in Sources */,
				F37D1BF12CDA235D00D8817D /* Entry View.swift in Sources */,
				F330817B2C9057F700605E43 /* XProj Widgets Bundle.swift in Sources */,
				F37D1BED2CDA231F00D8817D /* Provider.swift in Sources */,
				F330817D2C9057F700605E43 /* XProj Widgets Control.swift in Sources */,
			);
		};
		F3341E252BDE358900E85F27 /* Sources */ = {
			isa = PBXSourcesBuildPhase;
			files = (
				F37831BF2D10D8DE007F7858 /* Packages in Package.swift in Sources */,
				F3D1E75F2C9B40B4000C81FF /* App Settings.swift in Sources */,
				F3522DCB2C2A2A5600660101 /* Derived Data VM.swift in Sources */,
				F3B389CD2D0FAC770082C2F3 /* Derived Data Folder.swift in Sources */,
				F3DAD6752D161EAA0012BA9D /* Proj.swift in Sources */,
				F3DAD6772D161EAA0012BA9D /* Nav Mode.swift in Sources */,
				F323EC962D31E39A00973FA0 /* Open Buttons.swift in Sources */,
				F3DAD6782D161EAA0012BA9D /* 2 Column Container.swift in Sources */,
				F3DAD67A2D161EAA0012BA9D /* Data Model.swift in Sources */,
				F3DAD68A2D161ECC0012BA9D /* Proj Grid.swift in Sources */,
				F3FC8A582D1AFDC300A7CCBC /* 2 Column Detail.swift in Sources */,
				F3DAD68C2D161ECC0012BA9D /* Nav Mode Button.swift in Sources */,
				F3DAD68D2D161ECC0012BA9D /* Nav Mode Picker Row.swift in Sources */,
				F3DAD68E2D161ECC0012BA9D /* Nav Mode Picker.swift in Sources */,
				F3FC8A5A2D1AFEC700A7CCBC /* 3 Column Detail.swift in Sources */,
				F3DAD6922D161ECC0012BA9D /* Proj Grid Item.swift in Sources */,
				F3DAD67B2D161EAA0012BA9D /* Nav Model.swift in Sources */,
				F3DAD67C2D161EAA0012BA9D /* 3 Column Container.swift in Sources */,
				F3DAD67E2D161EAA0012BA9D /* Nav Container.swift in Sources */,
				F3DAD67F2D161EAA0012BA9D /* Stack Container.swift in Sources */,
				F371A51B2C2D8D58006BDF0D /* MB Proj List.swift in Sources */,
				F37D1BF62CDA259E00D8817D /* Smart Scan.swift in Sources */,
				F3B389C32D0F93500082C2F3 /* Package.swift in Sources */,
				F37831C12D10E1CF007F7858 /* App Store App.swift in Sources */,
				F37831C72D11A590007F7858 /* Proj Details Dependency.swift in Sources */,
				F3B389C72D0F9B340082C2F3 /* Proj Icon.swift in Sources */,
				F3874E2C2D36803C000BDCD9 /* Proj Details Swift Tools.swift in Sources */,
				F3B389C12D0F92500082C2F3 /* Nav Category.swift in Sources */,
				F3515C212D366DA70078E588 /* Proj Card Platforms.swift in Sources */,
				F37831BB2D10CE9A007F7858 /* Formatters.swift in Sources */,
				F38B5E522BFD6F6100CB9917 /* Proj Card.swift in Sources */,
				F3341E2D2BDE358900E85F27 /* XProj App.swift in Sources */,
				F37D1BFA2CDA272600D8817D /* Duplicate Section.swift in Sources */,
				F371A51D2C2D8D94006BDF0D /* MB Proj Card.swift in Sources */,
				F31EF9492D1038CE000F95A7 /* Package Dep Details.swift in Sources */,
				F37831DD2D12E57D007F7858 /* Restore access to folder.swift in Sources */,
				F329E1812D3683E4007BA9D1 /* Proj Details Gitignore.swift in Sources */,
				F37831D32D11D221007F7858 /* Proj Details Targets.swift in Sources */,
				F3522DCD2C2AA32C00660101 /* File Manager.swift in Sources */,
				F37831D52D11D292007F7858 /* Proj Details Dependency List.swift in Sources */,
				F38B5E582BFE134400CB9917 /* Search Suggestions.swift in Sources */,
				F3ED776F2D1772F8000977AC /* Proj List VM.swift in Sources */,
				F3522DCF2C2AA51800660101 /* Derived Data Entry.swift in Sources */,
				F3FC8A5E2D1AFFD500A7CCBC /* Column Sidebar.swift in Sources */,
				F37831D12D11D177007F7858 /* Proj Details Actions.swift in Sources */,
				F323EC942D315E3A00973FA0 /* Value Store.swift in Sources */,
				F37831C52D11A4F4007F7858 /* Proj Details Target.swift in Sources */,
				F3B389D62D1032A40082C2F3 /* Package Dependency.swift in Sources */,
				F3B389BC2D0ECAFD0082C2F3 /* Proj Details.swift in Sources */,
				F31EF9472D103896000F95A7 /* Package Dep Card.swift in Sources */,
				F371A5192C2D84BA006BDF0D /* Proj Card VM.swift in Sources */,
				F387AC322BFEC6C600EC1DC5 /* Analyser.swift in Sources */,
				F3B389BF2D0F6C370082C2F3 /* Proj Card Image.swift in Sources */,
				F37831CF2D11D11B007F7858 /* Proj Details Image.swift in Sources */,
				F37831CC2D11AF86007F7858 /* icon.swift in Sources */,
				F3B389C52D0F9AE80082C2F3 /* Swift Tools Version.swift in Sources */,
				F37831DB2D12E0E6007F7858 /* Save bookmark.swift in Sources */,
				F37831B02D109282007F7858 /* Targets.swift in Sources */,
				F3929A672D1BA52D00FB06E6 /* Search Suggestion.swift in Sources */,
				F3FC8A5C2D1AFF2A00A7CCBC /* 3 Column Content.swift in Sources */,
				F3B389D32D102F5E0082C2F3 /* Package Dep List.swift in Sources */,
				F3B389CF2D1027890082C2F3 /* Derived Data Card.swift in Sources */,
				F3E7ECA22C687C5D008CD17B /* Duplicate Projects.swift in Sources */,
				F3522DC62C2A29C000660101 /* Derived Data List.swift in Sources */,
				F37831C92D11A69B007F7858 /* Proj Details Dates.swift in Sources */,
				F32A1E052D30FD1C008AEB2F /* Bottom Bar.swift in Sources */,
				F37831D82D12DF0E007F7858 /* Open folder picker.swift in Sources */,
				F37831DF2D12EA34007F7858 /* Preview Projects.swift in Sources */,
				F37831B92D10A19E007F7858 /* Fetch project file path.swift in Sources */,
				F3E7ECA02C687BAD008CD17B /* Proj List Toolbar.swift in Sources */,
			);
		};
		F371A51E2C2D97AB006BDF0D /* Sources */ = {
			isa = PBXSourcesBuildPhase;
			files = (
				F371A5252C2D97AB006BDF0D /* XProj Tests.swift in Sources */,
			);
		};
/* End PBXSourcesBuildPhase section */

/* Begin XCBuildConfiguration section */
		F33081852C9057F700605E43 /* Debug configuration for PBXNativeTarget "Widgets" */ = {
			isa = XCBuildConfiguration;
			buildSettings = {
				ASSETCATALOG_COMPILER_GLOBAL_ACCENT_COLOR_NAME = AccentColor;
				ASSETCATALOG_COMPILER_WIDGET_BACKGROUND_COLOR_NAME = WidgetBackground;
				CODE_SIGN_STYLE = Automatic;
				CURRENT_PROJECT_VERSION = 0;
				GENERATE_INFOPLIST_FILE = YES;
				INFOPLIST_FILE = "XProj Widgets/Widgets.plist";
				INFOPLIST_KEY_CFBundleDisplayName = "XProj Widgets";
				INFOPLIST_KEY_NSHumanReadableCopyright = "";
				IPHONEOS_DEPLOYMENT_TARGET = 18.0;
				LD_RUNPATH_SEARCH_PATHS = (
					"$(inherited)",
					"@executable_path/Frameworks",
					"@executable_path/../../Frameworks",
				);
				PRODUCT_BUNDLE_IDENTIFIER = "dev.topscrech.XProj-Widgets";
				PRODUCT_NAME = "$(TARGET_NAME)";
				REGISTER_APP_GROUPS = NO;
				SDKROOT = iphoneos;
				SKIP_INSTALL = YES;
				SUPPORTED_PLATFORMS = macosx;
				SUPPORTS_MACCATALYST = NO;
				SUPPORTS_MAC_DESIGNED_FOR_IPHONE_IPAD = NO;
				SUPPORTS_XR_DESIGNED_FOR_IPHONE_IPAD = NO;
				SWIFT_EMIT_LOC_STRINGS = YES;
				SWIFT_VERSION = 5.0;
			};
			name = Debug;
		};
		F33081862C9057F700605E43 /* Release configuration for PBXNativeTarget "Widgets" */ = {
			isa = XCBuildConfiguration;
			buildSettings = {
				ASSETCATALOG_COMPILER_GLOBAL_ACCENT_COLOR_NAME = AccentColor;
				ASSETCATALOG_COMPILER_WIDGET_BACKGROUND_COLOR_NAME = WidgetBackground;
				CODE_SIGN_STYLE = Automatic;
				CURRENT_PROJECT_VERSION = 0;
				GENERATE_INFOPLIST_FILE = YES;
				INFOPLIST_FILE = "XProj Widgets/Widgets.plist";
				INFOPLIST_KEY_CFBundleDisplayName = "XProj Widgets";
				INFOPLIST_KEY_NSHumanReadableCopyright = "";
				IPHONEOS_DEPLOYMENT_TARGET = 18.0;
				LD_RUNPATH_SEARCH_PATHS = (
					"$(inherited)",
					"@executable_path/Frameworks",
					"@executable_path/../../Frameworks",
				);
				PRODUCT_BUNDLE_IDENTIFIER = "dev.topscrech.XProj-Widgets";
				PRODUCT_NAME = "$(TARGET_NAME)";
				REGISTER_APP_GROUPS = NO;
				SDKROOT = iphoneos;
				SKIP_INSTALL = YES;
				SUPPORTED_PLATFORMS = macosx;
				SUPPORTS_MACCATALYST = NO;
				SUPPORTS_MAC_DESIGNED_FOR_IPHONE_IPAD = NO;
				SUPPORTS_XR_DESIGNED_FOR_IPHONE_IPAD = NO;
				SWIFT_EMIT_LOC_STRINGS = YES;
				SWIFT_VERSION = 5.0;
				VALIDATE_PRODUCT = YES;
			};
			name = Release;
		};
		F3341E362BDE358A00E85F27 /* Debug configuration for PBXProject "XProj" */ = {
			isa = XCBuildConfiguration;
			buildSettings = {
				ALWAYS_SEARCH_USER_PATHS = NO;
				ASSETCATALOG_COMPILER_GENERATE_SWIFT_ASSET_SYMBOL_EXTENSIONS = YES;
				CLANG_ANALYZER_LOCALIZABILITY_NONLOCALIZED = YES;
				CLANG_ANALYZER_NONNULL = YES;
				CLANG_ANALYZER_NUMBER_OBJECT_CONVERSION = YES_AGGRESSIVE;
				CLANG_CXX_LANGUAGE_STANDARD = "gnu++20";
				CLANG_ENABLE_MODULES = YES;
				CLANG_ENABLE_OBJC_ARC = YES;
				CLANG_ENABLE_OBJC_WEAK = YES;
				CLANG_WARN_BLOCK_CAPTURE_AUTORELEASING = YES;
				CLANG_WARN_BOOL_CONVERSION = YES;
				CLANG_WARN_COMMA = YES;
				CLANG_WARN_CONSTANT_CONVERSION = YES;
				CLANG_WARN_DEPRECATED_OBJC_IMPLEMENTATIONS = YES;
				CLANG_WARN_DIRECT_OBJC_ISA_USAGE = YES_ERROR;
				CLANG_WARN_DOCUMENTATION_COMMENTS = YES;
				CLANG_WARN_EMPTY_BODY = YES;
				CLANG_WARN_ENUM_CONVERSION = YES;
				CLANG_WARN_INFINITE_RECURSION = YES;
				CLANG_WARN_INT_CONVERSION = YES;
				CLANG_WARN_NON_LITERAL_NULL_CONVERSION = YES;
				CLANG_WARN_OBJC_IMPLICIT_RETAIN_SELF = YES;
				CLANG_WARN_OBJC_LITERAL_CONVERSION = YES;
				CLANG_WARN_OBJC_ROOT_CLASS = YES_ERROR;
				CLANG_WARN_QUOTED_INCLUDE_IN_FRAMEWORK_HEADER = YES;
				CLANG_WARN_RANGE_LOOP_ANALYSIS = YES;
				CLANG_WARN_STRICT_PROTOTYPES = YES;
				CLANG_WARN_SUSPICIOUS_MOVE = YES;
				CLANG_WARN_UNGUARDED_AVAILABILITY = YES_AGGRESSIVE;
				CLANG_WARN_UNREACHABLE_CODE = YES;
				CLANG_WARN__DUPLICATE_METHOD_MATCH = YES;
				COPY_PHASE_STRIP = NO;
				DEAD_CODE_STRIPPING = YES;
				DEBUG_INFORMATION_FORMAT = dwarf;
				DEVELOPMENT_TEAM = 8FQUA2F388;
				ENABLE_STRICT_OBJC_MSGSEND = YES;
				ENABLE_TESTABILITY = YES;
				ENABLE_USER_SCRIPT_SANDBOXING = YES;
				GCC_C_LANGUAGE_STANDARD = gnu17;
				GCC_DYNAMIC_NO_PIC = NO;
				GCC_NO_COMMON_BLOCKS = YES;
				GCC_OPTIMIZATION_LEVEL = 0;
				GCC_PREPROCESSOR_DEFINITIONS = (
					"DEBUG=1",
					"$(inherited)",
				);
				GCC_WARN_64_TO_32_BIT_CONVERSION = YES;
				GCC_WARN_ABOUT_RETURN_TYPE = YES_ERROR;
				GCC_WARN_UNDECLARED_SELECTOR = YES;
				GCC_WARN_UNINITIALIZED_AUTOS = YES_AGGRESSIVE;
				GCC_WARN_UNUSED_FUNCTION = YES;
				GCC_WARN_UNUSED_VARIABLE = YES;
				LOCALIZATION_PREFERS_STRING_CATALOGS = YES;
				MACOSX_DEPLOYMENT_TARGET = 14.0;
				MARKETING_VERSION = 2.0;
				MTL_ENABLE_DEBUG_INFO = INCLUDE_SOURCE;
				MTL_FAST_MATH = YES;
				ONLY_ACTIVE_ARCH = YES;
				SDKROOT = macosx;
				SWIFT_ACTIVE_COMPILATION_CONDITIONS = "DEBUG $(inherited)";
				SWIFT_EMIT_LOC_STRINGS = YES;
				SWIFT_OPTIMIZATION_LEVEL = "-Onone";
			};
			name = Debug;
		};
		F3341E372BDE358A00E85F27 /* Release configuration for PBXProject "XProj" */ = {
			isa = XCBuildConfiguration;
			buildSettings = {
				ALWAYS_SEARCH_USER_PATHS = NO;
				ASSETCATALOG_COMPILER_GENERATE_SWIFT_ASSET_SYMBOL_EXTENSIONS = YES;
				CLANG_ANALYZER_LOCALIZABILITY_NONLOCALIZED = YES;
				CLANG_ANALYZER_NONNULL = YES;
				CLANG_ANALYZER_NUMBER_OBJECT_CONVERSION = YES_AGGRESSIVE;
				CLANG_CXX_LANGUAGE_STANDARD = "gnu++20";
				CLANG_ENABLE_MODULES = YES;
				CLANG_ENABLE_OBJC_ARC = YES;
				CLANG_ENABLE_OBJC_WEAK = YES;
				CLANG_WARN_BLOCK_CAPTURE_AUTORELEASING = YES;
				CLANG_WARN_BOOL_CONVERSION = YES;
				CLANG_WARN_COMMA = YES;
				CLANG_WARN_CONSTANT_CONVERSION = YES;
				CLANG_WARN_DEPRECATED_OBJC_IMPLEMENTATIONS = YES;
				CLANG_WARN_DIRECT_OBJC_ISA_USAGE = YES_ERROR;
				CLANG_WARN_DOCUMENTATION_COMMENTS = YES;
				CLANG_WARN_EMPTY_BODY = YES;
				CLANG_WARN_ENUM_CONVERSION = YES;
				CLANG_WARN_INFINITE_RECURSION = YES;
				CLANG_WARN_INT_CONVERSION = YES;
				CLANG_WARN_NON_LITERAL_NULL_CONVERSION = YES;
				CLANG_WARN_OBJC_IMPLICIT_RETAIN_SELF = YES;
				CLANG_WARN_OBJC_LITERAL_CONVERSION = YES;
				CLANG_WARN_OBJC_ROOT_CLASS = YES_ERROR;
				CLANG_WARN_QUOTED_INCLUDE_IN_FRAMEWORK_HEADER = YES;
				CLANG_WARN_RANGE_LOOP_ANALYSIS = YES;
				CLANG_WARN_STRICT_PROTOTYPES = YES;
				CLANG_WARN_SUSPICIOUS_MOVE = YES;
				CLANG_WARN_UNGUARDED_AVAILABILITY = YES_AGGRESSIVE;
				CLANG_WARN_UNREACHABLE_CODE = YES;
				CLANG_WARN__DUPLICATE_METHOD_MATCH = YES;
				COPY_PHASE_STRIP = NO;
				DEAD_CODE_STRIPPING = YES;
				DEBUG_INFORMATION_FORMAT = "dwarf-with-dsym";
				DEVELOPMENT_TEAM = 8FQUA2F388;
				ENABLE_NS_ASSERTIONS = NO;
				ENABLE_STRICT_OBJC_MSGSEND = YES;
				ENABLE_USER_SCRIPT_SANDBOXING = YES;
				GCC_C_LANGUAGE_STANDARD = gnu17;
				GCC_NO_COMMON_BLOCKS = YES;
				GCC_WARN_64_TO_32_BIT_CONVERSION = YES;
				GCC_WARN_ABOUT_RETURN_TYPE = YES_ERROR;
				GCC_WARN_UNDECLARED_SELECTOR = YES;
				GCC_WARN_UNINITIALIZED_AUTOS = YES_AGGRESSIVE;
				GCC_WARN_UNUSED_FUNCTION = YES;
				GCC_WARN_UNUSED_VARIABLE = YES;
				LOCALIZATION_PREFERS_STRING_CATALOGS = YES;
				MACOSX_DEPLOYMENT_TARGET = 14.0;
				MARKETING_VERSION = 2.0;
				MTL_ENABLE_DEBUG_INFO = NO;
				MTL_FAST_MATH = YES;
				SDKROOT = macosx;
				SWIFT_COMPILATION_MODE = wholemodule;
				SWIFT_EMIT_LOC_STRINGS = YES;
			};
			name = Release;
		};
		F3341E392BDE358A00E85F27 /* Debug configuration for PBXNativeTarget "XProj" */ = {
			isa = XCBuildConfiguration;
			buildSettings = {
				ASSETCATALOG_COMPILER_APPICON_NAME = AppIcon;
				ASSETCATALOG_COMPILER_GLOBAL_ACCENT_COLOR_NAME = AccentColor;
				CODE_SIGN_ENTITLEMENTS = XProj/macOSj.entitlements;
				CODE_SIGN_STYLE = Automatic;
				COMBINE_HIDPI_IMAGES = YES;
				CURRENT_PROJECT_VERSION = 0;
				DEAD_CODE_STRIPPING = YES;
				DEVELOPMENT_ASSET_PATHS = "";
				ENABLE_HARDENED_RUNTIME = YES;
				ENABLE_PREVIEWS = YES;
				GENERATE_INFOPLIST_FILE = YES;
				INFOPLIST_FILE = XProj/macOS.plist;
				INFOPLIST_KEY_CFBundleDisplayName = XProj;
				INFOPLIST_KEY_LSApplicationCategoryType = "public.app-category.developer-tools";
				INFOPLIST_KEY_NSHumanReadableCopyright = "";
				LD_RUNPATH_SEARCH_PATHS = (
					"$(inherited)",
					"@executable_path/../Frameworks",
				);
				MACOSX_DEPLOYMENT_TARGET = 14.0;
				PRODUCT_BUNDLE_IDENTIFIER = dev.topscrech.XProj;
				PRODUCT_NAME = "$(TARGET_NAME)";
				REGISTER_APP_GROUPS = YES;
				SWIFT_EMIT_LOC_STRINGS = YES;
				SWIFT_VERSION = 5.0;
			};
			name = Debug;
		};
		F3341E3A2BDE358A00E85F27 /* Release configuration for PBXNativeTarget "XProj" */ = {
			isa = XCBuildConfiguration;
			buildSettings = {
				ASSETCATALOG_COMPILER_APPICON_NAME = AppIcon;
				ASSETCATALOG_COMPILER_GLOBAL_ACCENT_COLOR_NAME = AccentColor;
				CODE_SIGN_ENTITLEMENTS = XProj/macOSj.entitlements;
				CODE_SIGN_STYLE = Automatic;
				COMBINE_HIDPI_IMAGES = YES;
				CURRENT_PROJECT_VERSION = 0;
				DEAD_CODE_STRIPPING = YES;
				DEVELOPMENT_ASSET_PATHS = "";
				ENABLE_HARDENED_RUNTIME = YES;
				ENABLE_PREVIEWS = YES;
				GENERATE_INFOPLIST_FILE = YES;
				INFOPLIST_FILE = XProj/macOS.plist;
				INFOPLIST_KEY_CFBundleDisplayName = XProj;
				INFOPLIST_KEY_LSApplicationCategoryType = "public.app-category.developer-tools";
				INFOPLIST_KEY_NSHumanReadableCopyright = "";
				LD_RUNPATH_SEARCH_PATHS = (
					"$(inherited)",
					"@executable_path/../Frameworks",
				);
				MACOSX_DEPLOYMENT_TARGET = 14.0;
				PRODUCT_BUNDLE_IDENTIFIER = dev.topscrech.XProj;
				PRODUCT_NAME = "$(TARGET_NAME)";
				REGISTER_APP_GROUPS = YES;
				SWIFT_EMIT_LOC_STRINGS = YES;
				SWIFT_VERSION = 5.0;
			};
			name = Release;
		};
		F371A5272C2D97AB006BDF0D /* Debug configuration for PBXNativeTarget "Unit Tests" */ = {
			isa = XCBuildConfiguration;
			buildSettings = {
				CODE_SIGN_STYLE = Automatic;
				CURRENT_PROJECT_VERSION = 1;
				GENERATE_INFOPLIST_FILE = YES;
				IPHONEOS_DEPLOYMENT_TARGET = 18.0;
				MACOSX_DEPLOYMENT_TARGET = 14.0;
				MARKETING_VERSION = 1.0;
				PRODUCT_BUNDLE_IDENTIFIER = "dev.topscrech.XProj-Tests";
				PRODUCT_NAME = "$(TARGET_NAME)";
				REGISTER_APP_GROUPS = YES;
				SDKROOT = iphoneos;
				SUPPORTED_PLATFORMS = macosx;
				SUPPORTS_MACCATALYST = NO;
				SUPPORTS_MAC_DESIGNED_FOR_IPHONE_IPAD = NO;
				SUPPORTS_XR_DESIGNED_FOR_IPHONE_IPAD = NO;
				SWIFT_EMIT_LOC_STRINGS = NO;
				SWIFT_VERSION = 5.0;
			};
			name = Debug;
		};
		F371A5282C2D97AB006BDF0D /* Release configuration for PBXNativeTarget "Unit Tests" */ = {
			isa = XCBuildConfiguration;
			buildSettings = {
				CODE_SIGN_STYLE = Automatic;
				CURRENT_PROJECT_VERSION = 1;
				GENERATE_INFOPLIST_FILE = YES;
				IPHONEOS_DEPLOYMENT_TARGET = 18.0;
				MACOSX_DEPLOYMENT_TARGET = 14.0;
				MARKETING_VERSION = 1.0;
				PRODUCT_BUNDLE_IDENTIFIER = "dev.topscrech.XProj-Tests";
				PRODUCT_NAME = "$(TARGET_NAME)";
				REGISTER_APP_GROUPS = YES;
				SDKROOT = iphoneos;
				SUPPORTED_PLATFORMS = macosx;
				SUPPORTS_MACCATALYST = NO;
				SUPPORTS_MAC_DESIGNED_FOR_IPHONE_IPAD = NO;
				SUPPORTS_XR_DESIGNED_FOR_IPHONE_IPAD = NO;
				SWIFT_EMIT_LOC_STRINGS = NO;
				SWIFT_VERSION = 5.0;
				VALIDATE_PRODUCT = YES;
			};
			name = Release;
		};
/* End XCBuildConfiguration section */

/* Begin XCConfigurationList section */
		F33081882C9057F700605E43 /* Build configuration list for PBXNativeTarget "Widgets" */ = {
			isa = XCConfigurationList;
			buildConfigurations = (
				F33081852C9057F700605E43 /* Debug configuration for PBXNativeTarget "Widgets" */,
				F33081862C9057F700605E43 /* Release configuration for PBXNativeTarget "Widgets" */,
			);
			defaultConfigurationName = Release;
		};
		F3341E242BDE358900E85F27 /* Build configuration list for PBXProject "XProj" */ = {
			isa = XCConfigurationList;
			buildConfigurations = (
				F3341E362BDE358A00E85F27 /* Debug configuration for PBXProject "XProj" */,
				F3341E372BDE358A00E85F27 /* Release configuration for PBXProject "XProj" */,
			);
			defaultConfigurationName = Release;
		};
		F3341E382BDE358A00E85F27 /* Build configuration list for PBXNativeTarget "XProj" */ = {
			isa = XCConfigurationList;
			buildConfigurations = (
				F3341E392BDE358A00E85F27 /* Debug configuration for PBXNativeTarget "XProj" */,
				F3341E3A2BDE358A00E85F27 /* Release configuration for PBXNativeTarget "XProj" */,
			);
			defaultConfigurationName = Release;
		};
		F371A5262C2D97AB006BDF0D /* Build configuration list for PBXNativeTarget "Unit Tests" */ = {
			isa = XCConfigurationList;
			buildConfigurations = (
				F371A5272C2D97AB006BDF0D /* Debug configuration for PBXNativeTarget "Unit Tests" */,
				F371A5282C2D97AB006BDF0D /* Release configuration for PBXNativeTarget "Unit Tests" */,
			);
			defaultConfigurationName = Release;
		};
/* End XCConfigurationList section */

/* Begin XCRemoteSwiftPackageReference section */
		F3341E3D2BDEAB4D00E85F27 /* XCRemoteSwiftPackageReference "ScrechKit" */ = {
			isa = XCRemoteSwiftPackageReference;
			repositoryURL = "https://github.com/TopScrech/ScrechKit";
			requirement = {
				branch = main;
				kind = branch;
			};
		};
		F358F0292D2C19A200BCC07B /* XCRemoteSwiftPackageReference "LaunchAtLogin" */ = {
			isa = XCRemoteSwiftPackageReference;
			repositoryURL = "https://github.com/TopScrech/LaunchAtLogin";
			requirement = {
				branch = main;
				kind = branch;
			};
		};
		F37831B52D1095EC007F7858 /* XCRemoteSwiftPackageReference "XcodeProjKit" */ = {
			isa = XCRemoteSwiftPackageReference;
			repositoryURL = "https://github.com/TopScrech/XcodeProjKit";
			requirement = {
				branch = master;
				kind = branch;
			};
		};
/* End XCRemoteSwiftPackageReference section */

/* Begin XCSwiftPackageProductDependency section */
		F3341E3E2BDEAB4D00E85F27 /* ScrechKit */ = {
			isa = XCSwiftPackageProductDependency;
			package = F3341E3D2BDEAB4D00E85F27 /* XCRemoteSwiftPackageReference "ScrechKit" */;
			productName = ScrechKit;
		};
		F358F02A2D2C19A200BCC07B /* LaunchAtLogin */ = {
			isa = XCSwiftPackageProductDependency;
			package = F358F0292D2C19A200BCC07B /* XCRemoteSwiftPackageReference "LaunchAtLogin" */;
			productName = LaunchAtLogin;
		};
		F37831B62D1095EC007F7858 /* XcodeProjKit */ = {
			isa = XCSwiftPackageProductDependency;
			package = F37831B52D1095EC007F7858 /* XCRemoteSwiftPackageReference "XcodeProjKit" */;
			productName = XcodeProjKit;
		};
/* End XCSwiftPackageProductDependency section */
	};
	rootObject = F3341E212BDE358900E85F27 /* Project object */;
}
