{
  "originHash" : "98ea9dc193ac3b153eff99e6ae5f76e62b42c2da235f6a71a189b7bd0cce4495",
  "pins" : [
    {
      "identity" : "kingfisher",
      "kind" : "remoteSourceControl",
      "location" : "https://github.com/onevcat/Kingfisher",
      "state" : {
        "revision" : "c92b84898e34ab46ff0dad86c02a0acbe2d87008",
        "version" : "8.8.0"
      }
    },
    {
      "identity" : "launchatlogin",
      "kind" : "remoteSourceControl",
      "location" : "https://github.com/TopScrech/LaunchAtLogin",
      "state" : {
        "branch" : "main",
        "revision" : "de46c95b812441c47eb2754c8bd10fc0ee2afa2e"
      }
    },
    {
      "identity" : "screchkit",
      "kind" : "remoteSourceControl",
      "location" : "https://github.com/TopScrech/ScrechKit",
      "state" : {
        "branch" : "main",
        "revision" : "164b7e7ac9c88e7cc16f48d5856690ec71daf6de"
      }
    },
    {
      "identity" : "xcodeprojkit",
      "kind" : "remoteSourceControl",
      "location" : "https://github.com/phimage/XcodeProjKit",
      "state" : {
        "revision" : "7dc8cb8d967fd49c205d2a449e6fa609abd37ef5",
        "version" : "4.0.0"
      }
    }
  ],
  "version" : 3
}
