{
  "originHash" : "d8380814f65c10a7d166975859f7033d90fe63ae7788aff4641a0f1dca9d02d1",
  "pins" : [
    {
      "identity" : "launchatlogin",
      "kind" : "remoteSourceControl",
      "location" : "https://github.com/TopScrech/LaunchAtLogin",
      "state" : {
        "branch" : "main",
        "revision" : "2bf099bd06f8f8de4989cbb7dfd721edd585bb0b"
      }
    },
    {
      "identity" : "screchkit",
      "kind" : "remoteSourceControl",
      "location" : "https://github.com/TopScrech/ScrechKit",
      "state" : {
        "branch" : "main",
        "revision" : "0ef7decabddc8b5bb0f8bb7fe494b4b07b2f807a"
      }
    },
    {
      "identity" : "xcodeprojkit",
      "kind" : "remoteSourceControl",
      "location" : "https://github.com/TopScrech/XcodeProjKit",
      "state" : {
        "branch" : "master",
        "revision" : "c87b979443679f23e1ed3f2a6e8ab83575977c0c"
      }
    }
  ],
  "version" : 3
}
