{
  "originHash" : "0582286506d26b6faf4943633c278535efb423e556451c1a7782b5be5f996f5c",
  "pins" : [
    {
      "identity" : "launchatlogin",
      "kind" : "remoteSourceControl",
      "location" : "https://github.com/TopScrech/LaunchAtLogin",
      "state" : {
        "branch" : "main",
        "revision" : "2bf099bd06f8f8de4989cbb7dfd721edd585bb0b"
      }
    },
    {
      "identity" : "screchkit",
      "kind" : "remoteSourceControl",
      "location" : "https://github.com/TopScrech/ScrechKit",
      "state" : {
        "branch" : "main",
        "revision" : "307bf25552babbd6a4861f404e1d79edb62ec114"
      }
    },
    {
      "identity" : "xcodeprojkit",
      "kind" : "remoteSourceControl",
      "location" : "https://github.com/TopScrech/XcodeProjKit",
      "state" : {
        "branch" : "master",
        "revision" : "c87b979443679f23e1ed3f2a6e8ab83575977c0c"
      }
    }
  ],
  "version" : 3
}
